PODS:
  - Flutter (1.0.0)
  - platform_timezone (1.0.0):
    - Flutter

DEPENDENCIES:
  - Flutter (from `Flutter`)
  - platform_timezone (from `.symlinks/plugins/platform_timezone/ios`)

EXTERNAL SOURCES:
  Flutter:
    :path: Flutter
  platform_timezone:
    :path: ".symlinks/plugins/platform_timezone/ios"

SPEC CHECKSUMS:
  Flutter: 0e3d915762c693b495b44d77113d4970485de6ec
  platform_timezone: 0c19cf4a08c53cdf30ac10a34042680bdfef773c

PODFILE CHECKSUM: a61b62337498ab5b0463a9868c8c1615b0e15d6c

COCOAPODS: 1.9.3
